
Microsoft Visual Studio Solution File, Format Version 12.00
# Visual Studio Version 16
VisualStudioVersion = 16.0.31515.178
MinimumVisualStudioVersion = 10.0.40219.1
Project("{FAE04EC0-301F-11D3-BF4B-00C04F79EFBC}") = "Alarm", "Alarm.csproj", "{AA04557B-681B-4F24-9918-986674551EAF}"
EndProject
Global
	GlobalSection(SolutionConfigurationPlatforms) = preSolution
		Debug|Any CPU = Debug|Any CPU
		Release|Any CPU = Release|Any CPU
	EndGlobalSection
	GlobalSection(ProjectConfigurationPlatforms) = postSolution
		{AA04557B-681B-4F24-9918-986674551EAF}.Debug|Any CPU.ActiveCfg = Debug|Any CPU
		{AA04557B-681B-4F24-9918-986674551EAF}.Debug|Any CPU.Build.0 = Debug|Any CPU
		{AA04557B-681B-4F24-9918-986674551EAF}.Release|Any CPU.ActiveCfg = Release|Any CPU
		{AA04557B-681B-4F24-9918-986674551EAF}.Release|Any CPU.Build.0 = Release|Any CPU
	EndGlobalSection
	GlobalSection(SolutionProperties) = preSolution
		HideSolutionNode = FALSE
	EndGlobalSection
	GlobalSection(ExtensibilityGlobals) = postSolution
		SolutionGuid = {B3DED425-7110-4711-8300-011F6F9AF9EB}
	EndGlobalSection
EndGlobal
